
Microsoft Visual Studio Solution File, Format Version 12.00
# Visual Studio Version 16
VisualStudioVersion = 16.0.30907.101
MinimumVisualStudioVersion = 10.0.40219.1
Project("{FAE04EC0-301F-11D3-BF4B-00C04F79EFBC}") = "HW_04.02.2021", "HW_04.02.2021\HW_04.02.2021.csproj", "{7773CE14-519B-4F09-A655-F4AE96413F36}"
EndProject
Global
	GlobalSection(SolutionConfigurationPlatforms) = preSolution
		Debug|Any CPU = Debug|Any CPU
		Release|Any CPU = Release|Any CPU
	EndGlobalSection
	GlobalSection(ProjectConfigurationPlatforms) = postSolution
		{7773CE14-519B-4F09-A655-F4AE96413F36}.Debug|Any CPU.ActiveCfg = Debug|Any CPU
		{7773CE14-519B-4F09-A655-F4AE96413F36}.Debug|Any CPU.Build.0 = Debug|Any CPU
		{7773CE14-519B-4F09-A655-F4AE96413F36}.Release|Any CPU.ActiveCfg = Release|Any CPU
		{7773CE14-519B-4F09-A655-F4AE96413F36}.Release|Any CPU.Build.0 = Release|Any CPU
	EndGlobalSection
	GlobalSection(SolutionProperties) = preSolution
		HideSolutionNode = FALSE
	EndGlobalSection
	GlobalSection(ExtensibilityGlobals) = postSolution
		SolutionGuid = {474A6E94-29C7-4713-9554-8745323678DE}
	EndGlobalSection
EndGlobal
